lockfileVersion: '9.0'

settings:
  autoInstallPeers: true
  excludeLinksFromLockfile: false

importers:

  .:
    dependencies:
      '@trpc/server':
        specifier: 11.0.0-rc.553
        version: 11.0.0-rc.553
    devDependencies:
      typescript:
        specifier: ^5.6.2
        version: 5.6.2

packages:

  '@trpc/server@11.0.0-rc.553':
    resolution: {integrity: sha512-pYUhxV3QU834jP1ugJk1uhtPwwaY1ymIuupb4DiWOhNCl68syuXPlUdD8IYsYKd3BjLkmnjlsOUMoyd/aoOF/Q==}

  typescript@5.6.2:
    resolution: {integrity: sha512-NW8ByodCSNCwZeghjN3o+JX5OFH0Ojg6sadjEKY4huZ52TqbJTJnDo5+Tw98lSy63NZvi4n+ez5m2u5d4PkZyw==}
    engines: {node: '>=14.17'}
    hasBin: true

snapshots:

  '@trpc/server@11.0.0-rc.553': {}

  typescript@5.6.2: {}
