lockfileVersion: '9.0'

settings:
  autoInstallPeers: true
  excludeLinksFromLockfile: false

importers:

  .:
    dependencies:
      '@repo/database':
        specifier: workspace:*
        version: link:../database
      '@repo/types':
        specifier: workspace:*
        version: link:../types
      '@trpc/server':
        specifier: 11.0.0-rc.553
        version: 11.0.0-rc.553
      drizzle-zod:
        specifier: ^0.5.1
        version: 0.5.1(drizzle-orm@0.35.0)(zod@3.23.8)
      zod:
        specifier: ^3.23.8
        version: 3.23.8
    devDependencies:
      typescript:
        specifier: ^5.6.2
        version: 5.6.2

packages:

  '@trpc/server@11.0.0-rc.553':
    resolution: {integrity: sha512-pYUhxV3QU834jP1ugJk1uhtPwwaY1ymIuupb4DiWOhNCl68syuXPlUdD8IYsYKd3BjLkmnjlsOUMoyd/aoOF/Q==}

  drizzle-orm@0.35.0:
    resolution: {integrity: sha512-fyTKnQ6WZQqSUy6yM4Do2tJPBg1ALR0vJtO9xUTLLubD+0qS1PPuu8aVOeLZQo+g8RPJn+Vqoh30/3lSS8/a2w==}
    peerDependencies:
      '@aws-sdk/client-rds-data': '>=3'
      '@cloudflare/workers-types': '>=3'
      '@electric-sql/pglite': '>=0.1.1'
      '@libsql/client': '>=0.10.0'
      '@neondatabase/serverless': '>=0.1'
      '@op-engineering/op-sqlite': '>=2'
      '@opentelemetry/api': ^1.4.1
      '@planetscale/database': '>=1'
      '@prisma/client': '*'
      '@tidbcloud/serverless': '*'
      '@types/better-sqlite3': '*'
      '@types/pg': '*'
      '@types/react': '>=18'
      '@types/sql.js': '*'
      '@vercel/postgres': '>=0.8.0'
      '@xata.io/client': '*'
      better-sqlite3: '>=7'
      bun-types: '*'
      expo-sqlite: '>=13.2.0'
      knex: '*'
      kysely: '*'
      mysql2: '>=2'
      pg: '>=8'
      postgres: '>=3'
      prisma: '*'
      react: '>=18'
      sql.js: '>=1'
      sqlite3: '>=5'
    peerDependenciesMeta:
      '@aws-sdk/client-rds-data':
        optional: true
      '@cloudflare/workers-types':
        optional: true
      '@electric-sql/pglite':
        optional: true
      '@libsql/client':
        optional: true
      '@neondatabase/serverless':
        optional: true
      '@op-engineering/op-sqlite':
        optional: true
      '@opentelemetry/api':
        optional: true
      '@planetscale/database':
        optional: true
      '@prisma/client':
        optional: true
      '@tidbcloud/serverless':
        optional: true
      '@types/better-sqlite3':
        optional: true
      '@types/pg':
        optional: true
      '@types/react':
        optional: true
      '@types/sql.js':
        optional: true
      '@vercel/postgres':
        optional: true
      '@xata.io/client':
        optional: true
      better-sqlite3:
        optional: true
      bun-types:
        optional: true
      expo-sqlite:
        optional: true
      knex:
        optional: true
      kysely:
        optional: true
      mysql2:
        optional: true
      pg:
        optional: true
      postgres:
        optional: true
      prisma:
        optional: true
      react:
        optional: true
      sql.js:
        optional: true
      sqlite3:
        optional: true

  drizzle-zod@0.5.1:
    resolution: {integrity: sha512-C/8bvzUH/zSnVfwdSibOgFjLhtDtbKYmkbPbUCq46QZyZCH6kODIMSOgZ8R7rVjoI+tCj3k06MRJMDqsIeoS4A==}
    peerDependencies:
      drizzle-orm: '>=0.23.13'
      zod: '*'

  typescript@5.6.2:
    resolution: {integrity: sha512-NW8ByodCSNCwZeghjN3o+JX5OFH0Ojg6sadjEKY4huZ52TqbJTJnDo5+Tw98lSy63NZvi4n+ez5m2u5d4PkZyw==}
    engines: {node: '>=14.17'}
    hasBin: true

  zod@3.23.8:
    resolution: {integrity: sha512-XBx9AXhXktjUqnepgTiE5flcKIYWi/rme0Eaj+5Y0lftuGBq+jyRu/md4WnuxqgP1ubdpNCsYEYPxrzVHD8d6g==}

snapshots:

  '@trpc/server@11.0.0-rc.553': {}

  drizzle-orm@0.35.0: {}

  drizzle-zod@0.5.1(drizzle-orm@0.35.0)(zod@3.23.8):
    dependencies:
      drizzle-orm: 0.35.0
      zod: 3.23.8

  typescript@5.6.2: {}

  zod@3.23.8: {}
